
Microsoft Visual Studio Solution File, Format Version 11.00
# Visual Studio 2010
Project("{FAE04EC0-301F-11D3-BF4B-00C04F79EFBC}") = "KonrolluNotGirisi", "KonrolluNotGirisi\KonrolluNotGirisi.csproj", "{F42E332E-C79B-4376-9142-1002212C537E}"
EndProject
Global
	GlobalSection(SolutionConfigurationPlatforms) = preSolution
		Debug|Any CPU = Debug|Any CPU
		Release|Any CPU = Release|Any CPU
	EndGlobalSection
	GlobalSection(ProjectConfigurationPlatforms) = postSolution
		{F42E332E-C79B-4376-9142-1002212C537E}.Debug|Any CPU.ActiveCfg = Debug|Any CPU
		{F42E332E-C79B-4376-9142-1002212C537E}.Debug|Any CPU.Build.0 = Debug|Any CPU
		{F42E332E-C79B-4376-9142-1002212C537E}.Release|Any CPU.ActiveCfg = Release|Any CPU
		{F42E332E-C79B-4376-9142-1002212C537E}.Release|Any CPU.Build.0 = Release|Any CPU
	EndGlobalSection
	GlobalSection(SolutionProperties) = preSolution
		HideSolutionNode = FALSE
	EndGlobalSection
EndGlobal
